
Microsoft Visual Studio Solution File, Format Version 12.00
# Visual Studio 2013
VisualStudioVersion = 12.0.40629.0
MinimumVisualStudioVersion = 10.0.40219.1
Project("{FAE04EC0-301F-11D3-BF4B-00C04F79EFBC}") = "msmqtest", "msmqtest\msmqtest.csproj", "{E9C7E98F-1EBD-4080-9DEB-747AD96E066D}"
EndProject
Project("{FAE04EC0-301F-11D3-BF4B-00C04F79EFBC}") = "pub", "pub\pub.csproj", "{0EA25AE1-7648-4E99-AAA8-B4665C95422B}"
EndProject
Project("{FAE04EC0-301F-11D3-BF4B-00C04F79EFBC}") = "sub", "sub\sub.csproj", "{8561F73A-0911-47B7-B6F4-2124C94454EE}"
EndProject
Global
	GlobalSection(SolutionConfigurationPlatforms) = preSolution
		Debug|Any CPU = Debug|Any CPU
		Release|Any CPU = Release|Any CPU
	EndGlobalSection
	GlobalSection(ProjectConfigurationPlatforms) = postSolution
		{E9C7E98F-1EBD-4080-9DEB-747AD96E066D}.Debug|Any CPU.ActiveCfg = Debug|Any CPU
		{E9C7E98F-1EBD-4080-9DEB-747AD96E066D}.Debug|Any CPU.Build.0 = Debug|Any CPU
		{E9C7E98F-1EBD-4080-9DEB-747AD96E066D}.Release|Any CPU.ActiveCfg = Release|Any CPU
		{E9C7E98F-1EBD-4080-9DEB-747AD96E066D}.Release|Any CPU.Build.0 = Release|Any CPU
		{0EA25AE1-7648-4E99-AAA8-B4665C95422B}.Debug|Any CPU.ActiveCfg = Debug|Any CPU
		{0EA25AE1-7648-4E99-AAA8-B4665C95422B}.Debug|Any CPU.Build.0 = Debug|Any CPU
		{0EA25AE1-7648-4E99-AAA8-B4665C95422B}.Release|Any CPU.ActiveCfg = Release|Any CPU
		{0EA25AE1-7648-4E99-AAA8-B4665C95422B}.Release|Any CPU.Build.0 = Release|Any CPU
		{8561F73A-0911-47B7-B6F4-2124C94454EE}.Debug|Any CPU.ActiveCfg = Debug|Any CPU
		{8561F73A-0911-47B7-B6F4-2124C94454EE}.Debug|Any CPU.Build.0 = Debug|Any CPU
		{8561F73A-0911-47B7-B6F4-2124C94454EE}.Release|Any CPU.ActiveCfg = Release|Any CPU
		{8561F73A-0911-47B7-B6F4-2124C94454EE}.Release|Any CPU.Build.0 = Release|Any CPU
	EndGlobalSection
	GlobalSection(SolutionProperties) = preSolution
		HideSolutionNode = FALSE
	EndGlobalSection
EndGlobal
